
Microsoft Visual Studio Solution File, Format Version 12.00
# Visual Studio Version 17
VisualStudioVersion = 17.14.36203.30 d17.14
MinimumVisualStudioVersion = 10.0.40219.1
Project("{FAE04EC0-301F-11D3-BF4B-00C04F79EFBC}") = "Ironingo", "Ironingo\Ironingo.csproj", "{DF38AE70-E5AA-49E3-AAAA-917410B7F7B8}"
EndProject
Global
	GlobalSection(SolutionConfigurationPlatforms) = preSolution
		Debug|Any CPU = Debug|Any CPU
		Release|Any CPU = Release|Any CPU
	EndGlobalSection
	GlobalSection(ProjectConfigurationPlatforms) = postSolution
		{DF38AE70-E5AA-49E3-AAAA-917410B7F7B8}.Debug|Any CPU.ActiveCfg = Debug|Any CPU
		{DF38AE70-E5AA-49E3-AAAA-917410B7F7B8}.Debug|Any CPU.Build.0 = Debug|Any CPU
		{DF38AE70-E5AA-49E3-AAAA-917410B7F7B8}.Release|Any CPU.ActiveCfg = Release|Any CPU
		{DF38AE70-E5AA-49E3-AAAA-917410B7F7B8}.Release|Any CPU.Build.0 = Release|Any CPU
	EndGlobalSection
	GlobalSection(SolutionProperties) = preSolution
		HideSolutionNode = FALSE
	EndGlobalSection
	GlobalSection(ExtensibilityGlobals) = postSolution
		SolutionGuid = {6B4AB64D-678E-44F7-8ECB-80C4A2CE3202}
	EndGlobalSection
EndGlobal
